
Microsoft Visual Studio Solution File, Format Version 12.00
# Visual Studio 15
VisualStudioVersion = 15.0.28307.329
MinimumVisualStudioVersion = 10.0.40219.1
Project("{FAE04EC0-301F-11D3-BF4B-00C04F79EFBC}") = "S2G10-SISApplication", "S2G10-SISApplication\S2G10-SISApplication.csproj", "{FC2CB5EA-233F-43D2-AC09-D280AFCB6281}"
EndProject
Global
	GlobalSection(SolutionConfigurationPlatforms) = preSolution
		Debug|Any CPU = Debug|Any CPU
		Release|Any CPU = Release|Any CPU
	EndGlobalSection
	GlobalSection(ProjectConfigurationPlatforms) = postSolution
		{FC2CB5EA-233F-43D2-AC09-D280AFCB6281}.Debug|Any CPU.ActiveCfg = Debug|Any CPU
		{FC2CB5EA-233F-43D2-AC09-D280AFCB6281}.Debug|Any CPU.Build.0 = Debug|Any CPU
		{FC2CB5EA-233F-43D2-AC09-D280AFCB6281}.Release|Any CPU.ActiveCfg = Release|Any CPU
		{FC2CB5EA-233F-43D2-AC09-D280AFCB6281}.Release|Any CPU.Build.0 = Release|Any CPU
	EndGlobalSection
	GlobalSection(SolutionProperties) = preSolution
		HideSolutionNode = FALSE
	EndGlobalSection
	GlobalSection(ExtensibilityGlobals) = postSolution
		SolutionGuid = {39A000BB-303F-4157-8B6A-2AA07A3AED23}
	EndGlobalSection
EndGlobal
